PODS:
  - Crotalus (0.2.0)
  - Nimble (1.0.0)
  - Quick (0.3.1)

DEPENDENCIES:
  - Crotalus (from `../`)
  - Nimble
  - Quick (~> 0.3.1)

EXTERNAL SOURCES:
  Crotalus:
    :path: ../

SPEC CHECKSUMS:
  Crotalus: 9e66c61ee6710d7f401954f9aabd9868f21437e5
  Nimble: 8bee528e5fcc403653076545db562d2b5db7bb87
  Quick: 824572d3d198d51e52cf4aa722cebf7e59952a35

COCOAPODS: 0.38.2
